{
  "name": "assets",
  "lockfileVersion": 3,
  "requires": true,
  "packages": {
    "": {
      "dependencies": {
        "fastnoise-lite": "^1.1.1"
      }
    },
    "node_modules/.pnpm/fastnoise-lite@1.1.1/node_modules/fastnoise-lite": {
      "version": "1.1.1",
      "license": "MIT"
    },
    "node_modules/fastnoise-lite": {
      "resolved": "node_modules/.pnpm/fastnoise-lite@1.1.1/node_modules/fastnoise-lite",
      "link": true
    }
  }
}
